
Microsoft Visual Studio Solution File, Format Version 12.00
# Visual Studio Version 17
VisualStudioVersion = 17.0.31903.59
MinimumVisualStudioVersion = 10.0.40219.1
Project("{FAE04EC0-301F-11D3-BF4B-00C04F79EFBC}") = "Api", "Api\Api.csproj", "{1B62A2EF-8CCB-40F8-89C1-79A5B571738A}"
EndProject
Project("{FAE04EC0-301F-11D3-BF4B-00C04F79EFBC}") = "Data", "Data\Data.csproj", "{298F064B-8D2E-4F18-B96B-E99A7182F73E}"
EndProject
Project("{FAE04EC0-301F-11D3-BF4B-00C04F79EFBC}") = "Business", "Business\Business.csproj", "{6C4F0714-76BE-458B-AD9A-248C1ADA665C}"
EndProject
Global
	GlobalSection(SolutionConfigurationPlatforms) = preSolution
		Debug|Any CPU = Debug|Any CPU
		Release|Any CPU = Release|Any CPU
	EndGlobalSection
	GlobalSection(SolutionProperties) = preSolution
		HideSolutionNode = FALSE
	EndGlobalSection
	GlobalSection(ProjectConfigurationPlatforms) = postSolution
		{1B62A2EF-8CCB-40F8-89C1-79A5B571738A}.Debug|Any CPU.ActiveCfg = Debug|Any CPU
		{1B62A2EF-8CCB-40F8-89C1-79A5B571738A}.Debug|Any CPU.Build.0 = Debug|Any CPU
		{1B62A2EF-8CCB-40F8-89C1-79A5B571738A}.Release|Any CPU.ActiveCfg = Release|Any CPU
		{1B62A2EF-8CCB-40F8-89C1-79A5B571738A}.Release|Any CPU.Build.0 = Release|Any CPU
		{298F064B-8D2E-4F18-B96B-E99A7182F73E}.Debug|Any CPU.ActiveCfg = Debug|Any CPU
		{298F064B-8D2E-4F18-B96B-E99A7182F73E}.Debug|Any CPU.Build.0 = Debug|Any CPU
		{298F064B-8D2E-4F18-B96B-E99A7182F73E}.Release|Any CPU.ActiveCfg = Release|Any CPU
		{298F064B-8D2E-4F18-B96B-E99A7182F73E}.Release|Any CPU.Build.0 = Release|Any CPU
		{6C4F0714-76BE-458B-AD9A-248C1ADA665C}.Debug|Any CPU.ActiveCfg = Debug|Any CPU
		{6C4F0714-76BE-458B-AD9A-248C1ADA665C}.Debug|Any CPU.Build.0 = Debug|Any CPU
		{6C4F0714-76BE-458B-AD9A-248C1ADA665C}.Release|Any CPU.ActiveCfg = Release|Any CPU
		{6C4F0714-76BE-458B-AD9A-248C1ADA665C}.Release|Any CPU.Build.0 = Release|Any CPU
	EndGlobalSection
EndGlobal
